{
  "name": "expandify",
  "version": "1.0.9",
  "lockfileVersion": 1,
  "requires": true,
  "dependencies": {
    "better-eval": {
      "version": "1.2.0",
      "resolved": "https://registry.npmjs.org/better-eval/-/better-eval-1.2.0.tgz",
      "integrity": "sha512-+btmaIT+M6ZxswNjWAOHnsNw+4UJfPpvk22GmxZ2QiNiDLtykxmWYvLSNoJm062saXIg0xi56P5mLvR2kp0tjg=="
    }
  }
}
